// !$*UTF8*$!
{
	archiveVersion = 1;
	classes = {
	};
	objectVersion = 46;
	objects = {

/* Begin PBXBuildFile section */
		BF20B1881C59ADB20085517A /* AppDelegate.swift in Sources */ = {isa = PBXBuildFile; fileRef = BF20B1871C59ADB20085517A /* AppDelegate.swift */; };
		BF20B18A1C59ADB20085517A /* FirstViewController.swift in Sources */ = {isa = PBXBuildFile; fileRef = BF20B1891C59ADB20085517A /* FirstViewController.swift */; };
		BF20B18C1C59ADB20085517A /* SecondViewController.swift in Sources */ = {isa = PBXBuildFile; fileRef = BF20B18B1C59ADB20085517A /* SecondViewController.swift */; };
		BF20B18F1C59ADB20085517A /* Main.storyboard in Resources */ = {isa = PBXBuildFile; fileRef = BF20B18D1C59ADB20085517A /* Main.storyboard */; };
		BF20B1911C59ADB20085517A /* Assets.xcassets in Resources */ = {isa = PBXBuildFile; fileRef = BF20B1901C59ADB20085517A /* Assets.xcassets */; };
		BF20B1941C59ADB20085517A /* LaunchScreen.storyboard in Resources */ = {isa = PBXBuildFile; fileRef = BF20B1921C59ADB20085517A /* LaunchScreen.storyboard */; };
		BF20B19F1C59ADB20085517A /* Lab1Tests.swift in Sources */ = {isa = PBXBuildFile; fileRef = BF20B19E1C59ADB20085517A /* Lab1Tests.swift */; };
		BF20B1AA1C59ADB20085517A /* Lab1UITests.swift in Sources */ = {isa = PBXBuildFile; fileRef = BF20B1A91C59ADB20085517A /* Lab1UITests.swift */; };
		BF20B1B81C59D2D20085517A /* plantzones.plist in Resources */ = {isa = PBXBuildFile; fileRef = BF20B1B71C59D2D20085517A /* plantzones.plist */; };
/* End PBXBuildFile section */

/* Begin PBXContainerItemProxy section */
		BF20B19B1C59ADB20085517A /* PBXContainerItemProxy */ = {
			isa = PBXContainerItemProxy;
			containerPortal = BF20B17C1C59ADB20085517A /* Project object */;
			proxyType = 1;
			remoteGlobalIDString = BF20B1831C59ADB20085517A;
			remoteInfo = Lab1;
		};
		BF20B1A61C59ADB20085517A /* PBXContainerItemProxy */ = {
			isa = PBXContainerItemProxy;
			containerPortal = BF20B17C1C59ADB20085517A /* Project object */;
			proxyType = 1;
			remoteGlobalIDString = BF20B1831C59ADB20085517A;
			remoteInfo = Lab1;
		};
/* End PBXContainerItemProxy section */

/* Begin PBXFileReference section */
		BF20B1841C59ADB20085517A /* Lab1.app */ = {isa = PBXFileReference; explicitFileType = wrapper.application; includeInIndex = 0; path = Lab1.app; sourceTree = BUILT_PRODUCTS_DIR; };
		BF20B1871C59ADB20085517A /* AppDelegate.swift */ = {isa = PBXFileReference; lastKnownFileType = sourcecode.swift; path = AppDelegate.swift; sourceTree = "<group>"; };
		BF20B1891C59ADB20085517A /* FirstViewController.swift */ = {isa = PBXFileReference; lastKnownFileType = sourcecode.swift; path = FirstViewController.swift; sourceTree = "<group>"; };
		BF20B18B1C59ADB20085517A /* SecondViewController.swift */ = {isa = PBXFileReference; lastKnownFileType = sourcecode.swift; path = SecondViewController.swift; sourceTree = "<group>"; };
		BF20B18E1C59ADB20085517A /* Base */ = {isa = PBXFileReference; lastKnownFileType = file.storyboard; name = Base; path = Base.lproj/Main.storyboard; sourceTree = "<group>"; };
		BF20B1901C59ADB20085517A /* Assets.xcassets */ = {isa = PBXFileReference; lastKnownFileType = folder.assetcatalog; path = Assets.xcassets; sourceTree = "<group>"; };
		BF20B1931C59ADB20085517A /* Base */ = {isa = PBXFileReference; lastKnownFileType = file.storyboard; name = Base; path = Base.lproj/LaunchScreen.storyboard; sourceTree = "<group>"; };
		BF20B1951C59ADB20085517A /* Info.plist */ = {isa = PBXFileReference; lastKnownFileType = text.plist.xml; path = Info.plist; sourceTree = "<group>"; };
		BF20B19A1C59ADB20085517A /* Lab1Tests.xctest */ = {isa = PBXFileReference; explicitFileType = wrapper.cfbundle; includeInIndex = 0; path = Lab1Tests.xctest; sourceTree = BUILT_PRODUCTS_DIR; };
		BF20B19E1C59ADB20085517A /* Lab1Tests.swift */ = {isa = PBXFileReference; lastKnownFileType = sourcecode.swift; path = Lab1Tests.swift; sourceTree = "<group>"; };
		BF20B1A01C59ADB20085517A /* Info.plist */ = {isa = PBXFileReference; lastKnownFileType = text.plist.xml; path = Info.plist; sourceTree = "<group>"; };
		BF20B1A51C59ADB20085517A /* Lab1UITests.xctest */ = {isa = PBXFileReference; explicitFileType = wrapper.cfbundle; includeInIndex = 0; path = Lab1UITests.xctest; sourceTree = BUILT_PRODUCTS_DIR; };
		BF20B1A91C59ADB20085517A /* Lab1UITests.swift */ = {isa = PBXFileReference; lastKnownFileType = sourcecode.swift; path = Lab1UITests.swift; sourceTree = "<group>"; };
		BF20B1AB1C59ADB20085517A /* Info.plist */ = {isa = PBXFileReference; lastKnownFileType = text.plist.xml; path = Info.plist; sourceTree = "<group>"; };
		BF20B1B71C59D2D20085517A /* plantzones.plist */ = {isa = PBXFileReference; fileEncoding = 4; lastKnownFileType = text.plist.xml; path = plantzones.plist; sourceTree = "<group>"; };
/* End PBXFileReference section */

/* Begin PBXFrameworksBuildPhase section */
		BF20B1811C59ADB20085517A /* Frameworks */ = {
			isa = PBXFrameworksBuildPhase;
			buildActionMask = 2147483647;
			files = (
			);
			runOnlyForDeploymentPostprocessing = 0;
		};
		BF20B1971C59ADB20085517A /* Frameworks */ = {
			isa = PBXFrameworksBuildPhase;
			buildActionMask = 2147483647;
			files = (
			);
			runOnlyForDeploymentPostprocessing = 0;
		};
		BF20B1A21C59ADB20085517A /* Frameworks */ = {
			isa = PBXFrameworksBuildPhase;
			buildActionMask = 2147483647;
			files = (
			);
			runOnlyForDeploymentPostprocessing = 0;
		};
/* End PBXFrameworksBuildPhase section */

/* Begin PBXGroup section */
		BF20B17B1C59ADB20085517A = {
			isa = PBXGroup;
			children = (
				BF20B1861C59ADB20085517A /* Lab1 */,
				BF20B19D1C59ADB20085517A /* Lab1Tests */,
				BF20B1A81C59ADB20085517A /* Lab1UITests */,
				BF20B1851C59ADB20085517A /* Products */,
			);
			sourceTree = "<group>";
		};
		BF20B1851C59ADB20085517A /* Products */ = {
			isa = PBXGroup;
			children = (
				BF20B1841C59ADB20085517A /* Lab1.app */,
				BF20B19A1C59ADB20085517A /* Lab1Tests.xctest */,
				BF20B1A51C59ADB20085517A /* Lab1UITests.xctest */,
			);
			name = Products;
			sourceTree = "<group>";
		};
		BF20B1861C59ADB20085517A /* Lab1 */ = {
			isa = PBXGroup;
			children = (
				BF20B1871C59ADB20085517A /* AppDelegate.swift */,
				BF20B1891C59ADB20085517A /* FirstViewController.swift */,
				BF20B18B1C59ADB20085517A /* SecondViewController.swift */,
				BF20B18D1C59ADB20085517A /* Main.storyboard */,
				BF20B1901C59ADB20085517A /* Assets.xcassets */,
				BF20B1921C59ADB20085517A /* LaunchScreen.storyboard */,
				BF20B1B71C59D2D20085517A /* plantzones.plist */,
				BF20B1951C59ADB20085517A /* Info.plist */,
			);
			path = Lab1;
			sourceTree = "<group>";
		};
		BF20B19D1C59ADB20085517A /* Lab1Tests */ = {
			isa = PBXGroup;
			children = (
				BF20B19E1C59ADB20085517A /* Lab1Tests.swift */,
				BF20B1A01C59ADB20085517A /* Info.plist */,
			);
			path = Lab1Tests;
			sourceTree = "<group>";
		};
		BF20B1A81C59ADB20085517A /* Lab1UITests */ = {
			isa = PBXGroup;
			children = (
				BF20B1A91C59ADB20085517A /* Lab1UITests.swift */,
				BF20B1AB1C59ADB20085517A /* Info.plist */,
			);
			path = Lab1UITests;
			sourceTree = "<group>";
		};
/* End PBXGroup section */

/* Begin PBXNativeTarget section */
		BF20B1831C59ADB20085517A /* Lab1 */ = {
			isa = PBXNativeTarget;
			buildConfigurationList = BF20B1AE1C59ADB20085517A /* Build configuration list for PBXNativeTarget "Lab1" */;
			buildPhases = (
				BF20B1801C59ADB20085517A /* Sources */,
				BF20B1811C59ADB20085517A /* Frameworks */,
				BF20B1821C59ADB20085517A /* Resources */,
			);
			buildRules = (
			);
			dependencies = (
			);
			name = Lab1;
			productName = Lab1;
			productReference = BF20B1841C59ADB20085517A /* Lab1.app */;
			productType = "com.apple.product-type.application";
		};
		BF20B1991C59ADB20085517A /* Lab1Tests */ = {
			isa = PBXNativeTarget;
			buildConfigurationList = BF20B1B11C59ADB20085517A /* Build configuration list for PBXNativeTarget "Lab1Tests" */;
			buildPhases = (
				BF20B1961C59ADB20085517A /* Sources */,
				BF20B1971C59ADB20085517A /* Frameworks */,
				BF20B1981C59ADB20085517A /* Resources */,
			);
			buildRules = (
			);
			dependencies = (
				BF20B19C1C59ADB20085517A /* PBXTargetDependency */,
			);
			name = Lab1Tests;
			productName = Lab1Tests;
			productReference = BF20B19A1C59ADB20085517A /* Lab1Tests.xctest */;
			productType = "com.apple.product-type.bundle.unit-test";
		};
		BF20B1A41C59ADB20085517A /* Lab1UITests */ = {
			isa = PBXNativeTarget;
			buildConfigurationList = BF20B1B41C59ADB20085517A /* Build configuration list for PBXNativeTarget "Lab1UITests" */;
			buildPhases = (
				BF20B1A11C59ADB20085517A /* Sources */,
				BF20B1A21C59ADB20085517A /* Frameworks */,
				BF20B1A31C59ADB20085517A /* Resources */,
			);
			buildRules = (
			);
			dependencies = (
				BF20B1A71C59ADB20085517A /* PBXTargetDependency */,
			);
			name = Lab1UITests;
			productName = Lab1UITests;
			productReference = BF20B1A51C59ADB20085517A /* Lab1UITests.xctest */;
			productType = "com.apple.product-type.bundle.ui-testing";
		};
/* End PBXNativeTarget section */

/* Begin PBXProject section */
		BF20B17C1C59ADB20085517A /* Project object */ = {
			isa = PBXProject;
			attributes = {
				LastSwiftUpdateCheck = 0720;
				LastUpgradeCheck = 0720;
				ORGANIZATIONNAME = "Jennifer Symalla";
				TargetAttributes = {
					BF20B1831C59ADB20085517A = {
						CreatedOnToolsVersion = 7.2;
					};
					BF20B1991C59ADB20085517A = {
						CreatedOnToolsVersion = 7.2;
						TestTargetID = BF20B1831C59ADB20085517A;
					};
					BF20B1A41C59ADB20085517A = {
						CreatedOnToolsVersion = 7.2;
						TestTargetID = BF20B1831C59ADB20085517A;
					};
				};
			};
			buildConfigurationList = BF20B17F1C59ADB20085517A /* Build configuration list for PBXProject "Lab1" */;
			compatibilityVersion = "Xcode 3.2";
			developmentRegion = English;
			hasScannedForEncodings = 0;
			knownRegions = (
				en,
				Base,
			);
			mainGroup = BF20B17B1C59ADB20085517A;
			productRefGroup = BF20B1851C59ADB20085517A /* Products */;
			projectDirPath = "";
			projectRoot = "";
			targets = (
				BF20B1831C59ADB20085517A /* Lab1 */,
				BF20B1991C59ADB20085517A /* Lab1Tests */,
				BF20B1A41C59ADB20085517A /* Lab1UITests */,
			);
		};
/* End PBXProject section */

/* Begin PBXResourcesBuildPhase section */
		BF20B1821C59ADB20085517A /* Resources */ = {
			isa = PBXResourcesBuildPhase;
			buildActionMask = 2147483647;
			files = (
				BF20B1941C59ADB20085517A /* LaunchScreen.storyboard in Resources */,
				BF20B1911C59ADB20085517A /* Assets.xcassets in Resources */,
				BF20B18F1C59ADB20085517A /* Main.storyboard in Resources */,
				BF20B1B81C59D2D20085517A /* plantzones.plist in Resources */,
			);
			runOnlyForDeploymentPostprocessing = 0;
		};
		BF20B1981C59ADB20085517A /* Resources */ = {
			isa = PBXResourcesBuildPhase;
			buildActionMask = 2147483647;
			files = (
			);
			runOnlyForDeploymentPostprocessing = 0;
		};
		BF20B1A31C59ADB20085517A /* Resources */ = {
			isa = PBXResourcesBuildPhase;
			buildActionMask = 2147483647;
			files = (
			);
			runOnlyForDeploymentPostprocessing = 0;
		};
/* End PBXResourcesBuildPhase section */

/* Begin PBXSourcesBuildPhase section */
		BF20B1801C59ADB20085517A /* Sources */ = {
			isa = PBXSourcesBuildPhase;
			buildActionMask = 2147483647;
			files = (
				BF20B18C1C59ADB20085517A /* SecondViewController.swift in Sources */,
				BF20B1881C59ADB20085517A /* AppDelegate.swift in Sources */,
				BF20B18A1C59ADB20085517A /* FirstViewController.swift in Sources */,
			);
			runOnlyForDeploymentPostprocessing = 0;
		};
		BF20B1961C59ADB20085517A /* Sources */ = {
			isa = PBXSourcesBuildPhase;
			buildActionMask = 2147483647;
			files = (
				BF20B19F1C59ADB20085517A /* Lab1Tests.swift in Sources */,
			);
			runOnlyForDeploymentPostprocessing = 0;
		};
		BF20B1A11C59ADB20085517A /* Sources */ = {
			isa = PBXSourcesBuildPhase;
			buildActionMask = 2147483647;
			files = (
				BF20B1AA1C59ADB20085517A /* Lab1UITests.swift in Sources */,
			);
			runOnlyForDeploymentPostprocessing = 0;
		};
/* End PBXSourcesBuildPhase section */

/* Begin PBXTargetDependency section */
		BF20B19C1C59ADB20085517A /* PBXTargetDependency */ = {
			isa = PBXTargetDependency;
			target = BF20B1831C59ADB20085517A /* Lab1 */;
			targetProxy = BF20B19B1C59ADB20085517A /* PBXContainerItemProxy */;
		};
		BF20B1A71C59ADB20085517A /* PBXTargetDependency */ = {
			isa = PBXTargetDependency;
			target = BF20B1831C59ADB20085517A /* Lab1 */;
			targetProxy = BF20B1A61C59ADB20085517A /* PBXContainerItemProxy */;
		};
/* End PBXTargetDependency section */

/* Begin PBXVariantGroup section */
		BF20B18D1C59ADB20085517A /* Main.storyboard */ = {
			isa = PBXVariantGroup;
			children = (
				BF20B18E1C59ADB20085517A /* Base */,
			);
			name = Main.storyboard;
			sourceTree = "<group>";
		};
		BF20B1921C59ADB20085517A /* LaunchScreen.storyboard */ = {
			isa = PBXVariantGroup;
			children = (
				BF20B1931C59ADB20085517A /* Base */,
			);
			name = LaunchScreen.storyboard;
			sourceTree = "<group>";
		};
/* End PBXVariantGroup section */

/* Begin XCBuildConfiguration section */
		BF20B1AC1C59ADB20085517A /* Debug */ = {
			isa = XCBuildConfiguration;
			buildSettings = {
				ALWAYS_SEARCH_USER_PATHS = NO;
				CLANG_CXX_LANGUAGE_STANDARD = "gnu++0x";
				CLANG_CXX_LIBRARY = "libc++";
				CLANG_ENABLE_MODULES = YES;
				CLANG_ENABLE_OBJC_ARC = YES;
				CLANG_WARN_BOOL_CONVERSION = YES;
				CLANG_WARN_CONSTANT_CONVERSION = YES;
				CLANG_WARN_DIRECT_OBJC_ISA_USAGE = YES_ERROR;
				CLANG_WARN_EMPTY_BODY = YES;
				CLANG_WARN_ENUM_CONVERSION = YES;
				CLANG_WARN_INT_CONVERSION = YES;
				CLANG_WARN_OBJC_ROOT_CLASS = YES_ERROR;
				CLANG_WARN_UNREACHABLE_CODE = YES;
				CLANG_WARN__DUPLICATE_METHOD_MATCH = YES;
				"CODE_SIGN_IDENTITY[sdk=iphoneos*]" = "iPhone Developer";
				COPY_PHASE_STRIP = NO;
				DEBUG_INFORMATION_FORMAT = dwarf;
				ENABLE_STRICT_OBJC_MSGSEND = YES;
				ENABLE_TESTABILITY = YES;
				GCC_C_LANGUAGE_STANDARD = gnu99;
				GCC_DYNAMIC_NO_PIC = NO;
				GCC_NO_COMMON_BLOCKS = YES;
				GCC_OPTIMIZATION_LEVEL = 0;
				GCC_PREPROCESSOR_DEFINITIONS = (
					"DEBUG=1",
					"$(inherited)",
				);
				GCC_WARN_64_TO_32_BIT_CONVERSION = YES;
				GCC_WARN_ABOUT_RETURN_TYPE = YES_ERROR;
				GCC_WARN_UNDECLARED_SELECTOR = YES;
				GCC_WARN_UNINITIALIZED_AUTOS = YES_AGGRESSIVE;
				GCC_WARN_UNUSED_FUNCTION = YES;
				GCC_WARN_UNUSED_VARIABLE = YES;
				IPHONEOS_DEPLOYMENT_TARGET = 9.2;
				MTL_ENABLE_DEBUG_INFO = YES;
				ONLY_ACTIVE_ARCH = YES;
				SDKROOT = iphoneos;
				SWIFT_OPTIMIZATION_LEVEL = "-Onone";
			};
			name = Debug;
		};
		BF20B1AD1C59ADB20085517A /* Release */ = {
			isa = XCBuildConfiguration;
			buildSettings = {
				ALWAYS_SEARCH_USER_PATHS = NO;
				CLANG_CXX_LANGUAGE_STANDARD = "gnu++0x";
				CLANG_CXX_LIBRARY = "libc++";
				CLANG_ENABLE_MODULES = YES;
				CLANG_ENABLE_OBJC_ARC = YES;
				CLANG_WARN_BOOL_CONVERSION = YES;
				CLANG_WARN_CONSTANT_CONVERSION = YES;
				CLANG_WARN_DIRECT_OBJC_ISA_USAGE = YES_ERROR;
				CLANG_WARN_EMPTY_BODY = YES;
				CLANG_WARN_ENUM_CONVERSION = YES;
				CLANG_WARN_INT_CONVERSION = YES;
				CLANG_WARN_OBJC_ROOT_CLASS = YES_ERROR;
				CLANG_WARN_UNREACHABLE_CODE = YES;
				CLANG_WARN__DUPLICATE_METHOD_MATCH = YES;
				"CODE_SIGN_IDENTITY[sdk=iphoneos*]" = "iPhone Developer";
				COPY_PHASE_STRIP = NO;
				DEBUG_INFORMATION_FORMAT = "dwarf-with-dsym";
				ENABLE_NS_ASSERTIONS = NO;
				ENABLE_STRICT_OBJC_MSGSEND = YES;
				GCC_C_LANGUAGE_STANDARD = gnu99;
				GCC_NO_COMMON_BLOCKS = YES;
				GCC_WARN_64_TO_32_BIT_CONVERSION = YES;
				GCC_WARN_ABOUT_RETURN_TYPE = YES_ERROR;
				GCC_WARN_UNDECLARED_SELECTOR = YES;
				GCC_WARN_UNINITIALIZED_AUTOS = YES_AGGRESSIVE;
				GCC_WARN_UNUSED_FUNCTION = YES;
				GCC_WARN_UNUSED_VARIABLE = YES;
				IPHONEOS_DEPLOYMENT_TARGET = 9.2;
				MTL_ENABLE_DEBUG_INFO = NO;
				SDKROOT = iphoneos;
				VALIDATE_PRODUCT = YES;
			};
			name = Release;
		};
		BF20B1AF1C59ADB20085517A /* Debug */ = {
			isa = XCBuildConfiguration;
			buildSettings = {
				ASSETCATALOG_COMPILER_APPICON_NAME = AppIcon;
				INFOPLIST_FILE = Lab1/Info.plist;
				LD_RUNPATH_SEARCH_PATHS = "$(inherited) @executable_path/Frameworks";
				PRODUCT_BUNDLE_IDENTIFIER = JLS.Lab1;
				PRODUCT_NAME = "$(TARGET_NAME)";
			};
			name = Debug;
		};
		BF20B1B01C59ADB20085517A /* Release */ = {
			isa = XCBuildConfiguration;
			buildSettings = {
				ASSETCATALOG_COMPILER_APPICON_NAME = AppIcon;
				INFOPLIST_FILE = Lab1/Info.plist;
				LD_RUNPATH_SEARCH_PATHS = "$(inherited) @executable_path/Frameworks";
				PRODUCT_BUNDLE_IDENTIFIER = JLS.Lab1;
				PRODUCT_NAME = "$(TARGET_NAME)";
			};
			name = Release;
		};
		BF20B1B21C59ADB20085517A /* Debug */ = {
			isa = XCBuildConfiguration;
			buildSettings = {
				BUNDLE_LOADER = "$(TEST_HOST)";
				INFOPLIST_FILE = Lab1Tests/Info.plist;
				LD_RUNPATH_SEARCH_PATHS = "$(inherited) @executable_path/Frameworks @loader_path/Frameworks";
				PRODUCT_BUNDLE_IDENTIFIER = JLS.Lab1Tests;
				PRODUCT_NAME = "$(TARGET_NAME)";
				TEST_HOST = "$(BUILT_PRODUCTS_DIR)/Lab1.app/Lab1";
			};
			name = Debug;
		};
		BF20B1B31C59ADB20085517A /* Release */ = {
			isa = XCBuildConfiguration;
			buildSettings = {
				BUNDLE_LOADER = "$(TEST_HOST)";
				INFOPLIST_FILE = Lab1Tests/Info.plist;
				LD_RUNPATH_SEARCH_PATHS = "$(inherited) @executable_path/Frameworks @loader_path/Frameworks";
				PRODUCT_BUNDLE_IDENTIFIER = JLS.Lab1Tests;
				PRODUCT_NAME = "$(TARGET_NAME)";
				TEST_HOST = "$(BUILT_PRODUCTS_DIR)/Lab1.app/Lab1";
			};
			name = Release;
		};
		BF20B1B51C59ADB20085517A /* Debug */ = {
			isa = XCBuildConfiguration;
			buildSettings = {
				INFOPLIST_FILE = Lab1UITests/Info.plist;
				LD_RUNPATH_SEARCH_PATHS = "$(inherited) @executable_path/Frameworks @loader_path/Frameworks";
				PRODUCT_BUNDLE_IDENTIFIER = JLS.Lab1UITests;
				PRODUCT_NAME = "$(TARGET_NAME)";
				TEST_TARGET_NAME = Lab1;
				USES_XCTRUNNER = YES;
			};
			name = Debug;
		};
		BF20B1B61C59ADB20085517A /* Release */ = {
			isa = XCBuildConfiguration;
			buildSettings = {
				INFOPLIST_FILE = Lab1UITests/Info.plist;
				LD_RUNPATH_SEARCH_PATHS = "$(inherited) @executable_path/Frameworks @loader_path/Frameworks";
				PRODUCT_BUNDLE_IDENTIFIER = JLS.Lab1UITests;
				PRODUCT_NAME = "$(TARGET_NAME)";
				TEST_TARGET_NAME = Lab1;
				USES_XCTRUNNER = YES;
			};
			name = Release;
		};
/* End XCBuildConfiguration section */

/* Begin XCConfigurationList section */
		BF20B17F1C59ADB20085517A /* Build configuration list for PBXProject "Lab1" */ = {
			isa = XCConfigurationList;
			buildConfigurations = (
				BF20B1AC1C59ADB20085517A /* Debug */,
				BF20B1AD1C59ADB20085517A /* Release */,
			);
			defaultConfigurationIsVisible = 0;
			defaultConfigurationName = Release;
		};
		BF20B1AE1C59ADB20085517A /* Build configuration list for PBXNativeTarget "Lab1" */ = {
			isa = XCConfigurationList;
			buildConfigurations = (
				BF20B1AF1C59ADB20085517A /* Debug */,
				BF20B1B01C59ADB20085517A /* Release */,
			);
			defaultConfigurationIsVisible = 0;
			defaultConfigurationName = Release;
		};
		BF20B1B11C59ADB20085517A /* Build configuration list for PBXNativeTarget "Lab1Tests" */ = {
			isa = XCConfigurationList;
			buildConfigurations = (
				BF20B1B21C59ADB20085517A /* Debug */,
				BF20B1B31C59ADB20085517A /* Release */,
			);
			defaultConfigurationIsVisible = 0;
			defaultConfigurationName = Release;
		};
		BF20B1B41C59ADB20085517A /* Build configuration list for PBXNativeTarget "Lab1UITests" */ = {
			isa = XCConfigurationList;
			buildConfigurations = (
				BF20B1B51C59ADB20085517A /* Debug */,
				BF20B1B61C59ADB20085517A /* Release */,
			);
			defaultConfigurationIsVisible = 0;
			defaultConfigurationName = Release;
		};
/* End XCConfigurationList section */
	};
	rootObject = BF20B17C1C59ADB20085517A /* Project object */;
}
