// !$*UTF8*$!
{
	archiveVersion = 1;
	classes = {
	};
	objectVersion = 46;
	objects = {

/* Begin PBXBuildFile section */
		BF5E4AD51C5A859600C41512 /* AppDelegate.swift in Sources */ = {isa = PBXBuildFile; fileRef = BF5E4AD41C5A859600C41512 /* AppDelegate.swift */; };
		BF5E4AD71C5A859600C41512 /* ViewController.swift in Sources */ = {isa = PBXBuildFile; fileRef = BF5E4AD61C5A859600C41512 /* ViewController.swift */; };
		BF5E4ADA1C5A859600C41512 /* Main.storyboard in Resources */ = {isa = PBXBuildFile; fileRef = BF5E4AD81C5A859600C41512 /* Main.storyboard */; };
		BF5E4ADC1C5A859600C41512 /* Assets.xcassets in Resources */ = {isa = PBXBuildFile; fileRef = BF5E4ADB1C5A859600C41512 /* Assets.xcassets */; };
		BF5E4ADF1C5A859600C41512 /* LaunchScreen.storyboard in Resources */ = {isa = PBXBuildFile; fileRef = BF5E4ADD1C5A859600C41512 /* LaunchScreen.storyboard */; };
		BF5E4AEA1C5A859600C41512 /* countriesTests.swift in Sources */ = {isa = PBXBuildFile; fileRef = BF5E4AE91C5A859600C41512 /* countriesTests.swift */; };
		BF5E4AF51C5A859600C41512 /* countriesUITests.swift in Sources */ = {isa = PBXBuildFile; fileRef = BF5E4AF41C5A859600C41512 /* countriesUITests.swift */; };
		BF5E4B051C5A87BD00C41512 /* continents.plist in Resources */ = {isa = PBXBuildFile; fileRef = BF5E4B041C5A87BD00C41512 /* continents.plist */; };
		BF5E4B071C5A880B00C41512 /* Continents.swift in Sources */ = {isa = PBXBuildFile; fileRef = BF5E4B061C5A880B00C41512 /* Continents.swift */; };
		BFC5B42A1C63B13D00C9D7D0 /* DetailViewController.swift in Sources */ = {isa = PBXBuildFile; fileRef = BFC5B4291C63B13D00C9D7D0 /* DetailViewController.swift */; };
		BFC5B42C1C63BE6700C9D7D0 /* AddCountryViewController.swift in Sources */ = {isa = PBXBuildFile; fileRef = BFC5B42B1C63BE6700C9D7D0 /* AddCountryViewController.swift */; };
/* End PBXBuildFile section */

/* Begin PBXContainerItemProxy section */
		BF5E4AE61C5A859600C41512 /* PBXContainerItemProxy */ = {
			isa = PBXContainerItemProxy;
			containerPortal = BF5E4AC91C5A859600C41512 /* Project object */;
			proxyType = 1;
			remoteGlobalIDString = BF5E4AD01C5A859600C41512;
			remoteInfo = countries;
		};
		BF5E4AF11C5A859600C41512 /* PBXContainerItemProxy */ = {
			isa = PBXContainerItemProxy;
			containerPortal = BF5E4AC91C5A859600C41512 /* Project object */;
			proxyType = 1;
			remoteGlobalIDString = BF5E4AD01C5A859600C41512;
			remoteInfo = countries;
		};
/* End PBXContainerItemProxy section */

/* Begin PBXFileReference section */
		BF5E4AD11C5A859600C41512 /* countries.app */ = {isa = PBXFileReference; explicitFileType = wrapper.application; includeInIndex = 0; path = countries.app; sourceTree = BUILT_PRODUCTS_DIR; };
		BF5E4AD41C5A859600C41512 /* AppDelegate.swift */ = {isa = PBXFileReference; lastKnownFileType = sourcecode.swift; path = AppDelegate.swift; sourceTree = "<group>"; };
		BF5E4AD61C5A859600C41512 /* ViewController.swift */ = {isa = PBXFileReference; lastKnownFileType = sourcecode.swift; path = ViewController.swift; sourceTree = "<group>"; };
		BF5E4AD91C5A859600C41512 /* Base */ = {isa = PBXFileReference; lastKnownFileType = file.storyboard; name = Base; path = Base.lproj/Main.storyboard; sourceTree = "<group>"; };
		BF5E4ADB1C5A859600C41512 /* Assets.xcassets */ = {isa = PBXFileReference; lastKnownFileType = folder.assetcatalog; path = Assets.xcassets; sourceTree = "<group>"; };
		BF5E4ADE1C5A859600C41512 /* Base */ = {isa = PBXFileReference; lastKnownFileType = file.storyboard; name = Base; path = Base.lproj/LaunchScreen.storyboard; sourceTree = "<group>"; };
		BF5E4AE01C5A859600C41512 /* Info.plist */ = {isa = PBXFileReference; lastKnownFileType = text.plist.xml; path = Info.plist; sourceTree = "<group>"; };
		BF5E4AE51C5A859600C41512 /* countriesTests.xctest */ = {isa = PBXFileReference; explicitFileType = wrapper.cfbundle; includeInIndex = 0; path = countriesTests.xctest; sourceTree = BUILT_PRODUCTS_DIR; };
		BF5E4AE91C5A859600C41512 /* countriesTests.swift */ = {isa = PBXFileReference; lastKnownFileType = sourcecode.swift; path = countriesTests.swift; sourceTree = "<group>"; };
		BF5E4AEB1C5A859600C41512 /* Info.plist */ = {isa = PBXFileReference; lastKnownFileType = text.plist.xml; path = Info.plist; sourceTree = "<group>"; };
		BF5E4AF01C5A859600C41512 /* countriesUITests.xctest */ = {isa = PBXFileReference; explicitFileType = wrapper.cfbundle; includeInIndex = 0; path = countriesUITests.xctest; sourceTree = BUILT_PRODUCTS_DIR; };
		BF5E4AF41C5A859600C41512 /* countriesUITests.swift */ = {isa = PBXFileReference; lastKnownFileType = sourcecode.swift; path = countriesUITests.swift; sourceTree = "<group>"; };
		BF5E4AF61C5A859600C41512 /* Info.plist */ = {isa = PBXFileReference; lastKnownFileType = text.plist.xml; path = Info.plist; sourceTree = "<group>"; };
		BF5E4B041C5A87BD00C41512 /* continents.plist */ = {isa = PBXFileReference; fileEncoding = 4; lastKnownFileType = text.plist.xml; path = continents.plist; sourceTree = "<group>"; };
		BF5E4B061C5A880B00C41512 /* Continents.swift */ = {isa = PBXFileReference; fileEncoding = 4; lastKnownFileType = sourcecode.swift; path = Continents.swift; sourceTree = "<group>"; };
		BFC5B4291C63B13D00C9D7D0 /* DetailViewController.swift */ = {isa = PBXFileReference; fileEncoding = 4; lastKnownFileType = sourcecode.swift; path = DetailViewController.swift; sourceTree = "<group>"; };
		BFC5B42B1C63BE6700C9D7D0 /* AddCountryViewController.swift */ = {isa = PBXFileReference; fileEncoding = 4; lastKnownFileType = sourcecode.swift; path = AddCountryViewController.swift; sourceTree = "<group>"; };
/* End PBXFileReference section */

/* Begin PBXFrameworksBuildPhase section */
		BF5E4ACE1C5A859600C41512 /* Frameworks */ = {
			isa = PBXFrameworksBuildPhase;
			buildActionMask = 2147483647;
			files = (
			);
			runOnlyForDeploymentPostprocessing = 0;
		};
		BF5E4AE21C5A859600C41512 /* Frameworks */ = {
			isa = PBXFrameworksBuildPhase;
			buildActionMask = 2147483647;
			files = (
			);
			runOnlyForDeploymentPostprocessing = 0;
		};
		BF5E4AED1C5A859600C41512 /* Frameworks */ = {
			isa = PBXFrameworksBuildPhase;
			buildActionMask = 2147483647;
			files = (
			);
			runOnlyForDeploymentPostprocessing = 0;
		};
/* End PBXFrameworksBuildPhase section */

/* Begin PBXGroup section */
		BF5E4AC81C5A859600C41512 = {
			isa = PBXGroup;
			children = (
				BF5E4AD31C5A859600C41512 /* countries */,
				BF5E4AE81C5A859600C41512 /* countriesTests */,
				BF5E4AF31C5A859600C41512 /* countriesUITests */,
				BF5E4AD21C5A859600C41512 /* Products */,
			);
			sourceTree = "<group>";
		};
		BF5E4AD21C5A859600C41512 /* Products */ = {
			isa = PBXGroup;
			children = (
				BF5E4AD11C5A859600C41512 /* countries.app */,
				BF5E4AE51C5A859600C41512 /* countriesTests.xctest */,
				BF5E4AF01C5A859600C41512 /* countriesUITests.xctest */,
			);
			name = Products;
			sourceTree = "<group>";
		};
		BF5E4AD31C5A859600C41512 /* countries */ = {
			isa = PBXGroup;
			children = (
				BF5E4AD41C5A859600C41512 /* AppDelegate.swift */,
				BF5E4AD61C5A859600C41512 /* ViewController.swift */,
				BF5E4AD81C5A859600C41512 /* Main.storyboard */,
				BFC5B42B1C63BE6700C9D7D0 /* AddCountryViewController.swift */,
				BFC5B4291C63B13D00C9D7D0 /* DetailViewController.swift */,
				BF5E4B061C5A880B00C41512 /* Continents.swift */,
				BF5E4ADB1C5A859600C41512 /* Assets.xcassets */,
				BF5E4ADD1C5A859600C41512 /* LaunchScreen.storyboard */,
				BF5E4B041C5A87BD00C41512 /* continents.plist */,
				BF5E4AE01C5A859600C41512 /* Info.plist */,
			);
			path = countries;
			sourceTree = "<group>";
		};
		BF5E4AE81C5A859600C41512 /* countriesTests */ = {
			isa = PBXGroup;
			children = (
				BF5E4AE91C5A859600C41512 /* countriesTests.swift */,
				BF5E4AEB1C5A859600C41512 /* Info.plist */,
			);
			path = countriesTests;
			sourceTree = "<group>";
		};
		BF5E4AF31C5A859600C41512 /* countriesUITests */ = {
			isa = PBXGroup;
			children = (
				BF5E4AF41C5A859600C41512 /* countriesUITests.swift */,
				BF5E4AF61C5A859600C41512 /* Info.plist */,
			);
			path = countriesUITests;
			sourceTree = "<group>";
		};
/* End PBXGroup section */

/* Begin PBXNativeTarget section */
		BF5E4AD01C5A859600C41512 /* countries */ = {
			isa = PBXNativeTarget;
			buildConfigurationList = BF5E4AF91C5A859600C41512 /* Build configuration list for PBXNativeTarget "countries" */;
			buildPhases = (
				BF5E4ACD1C5A859600C41512 /* Sources */,
				BF5E4ACE1C5A859600C41512 /* Frameworks */,
				BF5E4ACF1C5A859600C41512 /* Resources */,
			);
			buildRules = (
			);
			dependencies = (
			);
			name = countries;
			productName = countries;
			productReference = BF5E4AD11C5A859600C41512 /* countries.app */;
			productType = "com.apple.product-type.application";
		};
		BF5E4AE41C5A859600C41512 /* countriesTests */ = {
			isa = PBXNativeTarget;
			buildConfigurationList = BF5E4AFC1C5A859600C41512 /* Build configuration list for PBXNativeTarget "countriesTests" */;
			buildPhases = (
				BF5E4AE11C5A859600C41512 /* Sources */,
				BF5E4AE21C5A859600C41512 /* Frameworks */,
				BF5E4AE31C5A859600C41512 /* Resources */,
			);
			buildRules = (
			);
			dependencies = (
				BF5E4AE71C5A859600C41512 /* PBXTargetDependency */,
			);
			name = countriesTests;
			productName = countriesTests;
			productReference = BF5E4AE51C5A859600C41512 /* countriesTests.xctest */;
			productType = "com.apple.product-type.bundle.unit-test";
		};
		BF5E4AEF1C5A859600C41512 /* countriesUITests */ = {
			isa = PBXNativeTarget;
			buildConfigurationList = BF5E4AFF1C5A859600C41512 /* Build configuration list for PBXNativeTarget "countriesUITests" */;
			buildPhases = (
				BF5E4AEC1C5A859600C41512 /* Sources */,
				BF5E4AED1C5A859600C41512 /* Frameworks */,
				BF5E4AEE1C5A859600C41512 /* Resources */,
			);
			buildRules = (
			);
			dependencies = (
				BF5E4AF21C5A859600C41512 /* PBXTargetDependency */,
			);
			name = countriesUITests;
			productName = countriesUITests;
			productReference = BF5E4AF01C5A859600C41512 /* countriesUITests.xctest */;
			productType = "com.apple.product-type.bundle.ui-testing";
		};
/* End PBXNativeTarget section */

/* Begin PBXProject section */
		BF5E4AC91C5A859600C41512 /* Project object */ = {
			isa = PBXProject;
			attributes = {
				LastSwiftUpdateCheck = 0720;
				LastUpgradeCheck = 0720;
				ORGANIZATIONNAME = "Jennifer Symalla";
				TargetAttributes = {
					BF5E4AD01C5A859600C41512 = {
						CreatedOnToolsVersion = 7.2;
					};
					BF5E4AE41C5A859600C41512 = {
						CreatedOnToolsVersion = 7.2;
						TestTargetID = BF5E4AD01C5A859600C41512;
					};
					BF5E4AEF1C5A859600C41512 = {
						CreatedOnToolsVersion = 7.2;
						TestTargetID = BF5E4AD01C5A859600C41512;
					};
				};
			};
			buildConfigurationList = BF5E4ACC1C5A859600C41512 /* Build configuration list for PBXProject "countries" */;
			compatibilityVersion = "Xcode 3.2";
			developmentRegion = English;
			hasScannedForEncodings = 0;
			knownRegions = (
				en,
				Base,
			);
			mainGroup = BF5E4AC81C5A859600C41512;
			productRefGroup = BF5E4AD21C5A859600C41512 /* Products */;
			projectDirPath = "";
			projectRoot = "";
			targets = (
				BF5E4AD01C5A859600C41512 /* countries */,
				BF5E4AE41C5A859600C41512 /* countriesTests */,
				BF5E4AEF1C5A859600C41512 /* countriesUITests */,
			);
		};
/* End PBXProject section */

/* Begin PBXResourcesBuildPhase section */
		BF5E4ACF1C5A859600C41512 /* Resources */ = {
			isa = PBXResourcesBuildPhase;
			buildActionMask = 2147483647;
			files = (
				BF5E4B051C5A87BD00C41512 /* continents.plist in Resources */,
				BF5E4ADF1C5A859600C41512 /* LaunchScreen.storyboard in Resources */,
				BF5E4ADC1C5A859600C41512 /* Assets.xcassets in Resources */,
				BF5E4ADA1C5A859600C41512 /* Main.storyboard in Resources */,
			);
			runOnlyForDeploymentPostprocessing = 0;
		};
		BF5E4AE31C5A859600C41512 /* Resources */ = {
			isa = PBXResourcesBuildPhase;
			buildActionMask = 2147483647;
			files = (
			);
			runOnlyForDeploymentPostprocessing = 0;
		};
		BF5E4AEE1C5A859600C41512 /* Resources */ = {
			isa = PBXResourcesBuildPhase;
			buildActionMask = 2147483647;
			files = (
			);
			runOnlyForDeploymentPostprocessing = 0;
		};
/* End PBXResourcesBuildPhase section */

/* Begin PBXSourcesBuildPhase section */
		BF5E4ACD1C5A859600C41512 /* Sources */ = {
			isa = PBXSourcesBuildPhase;
			buildActionMask = 2147483647;
			files = (
				BF5E4B071C5A880B00C41512 /* Continents.swift in Sources */,
				BFC5B42C1C63BE6700C9D7D0 /* AddCountryViewController.swift in Sources */,
				BF5E4AD71C5A859600C41512 /* ViewController.swift in Sources */,
				BF5E4AD51C5A859600C41512 /* AppDelegate.swift in Sources */,
				BFC5B42A1C63B13D00C9D7D0 /* DetailViewController.swift in Sources */,
			);
			runOnlyForDeploymentPostprocessing = 0;
		};
		BF5E4AE11C5A859600C41512 /* Sources */ = {
			isa = PBXSourcesBuildPhase;
			buildActionMask = 2147483647;
			files = (
				BF5E4AEA1C5A859600C41512 /* countriesTests.swift in Sources */,
			);
			runOnlyForDeploymentPostprocessing = 0;
		};
		BF5E4AEC1C5A859600C41512 /* Sources */ = {
			isa = PBXSourcesBuildPhase;
			buildActionMask = 2147483647;
			files = (
				BF5E4AF51C5A859600C41512 /* countriesUITests.swift in Sources */,
			);
			runOnlyForDeploymentPostprocessing = 0;
		};
/* End PBXSourcesBuildPhase section */

/* Begin PBXTargetDependency section */
		BF5E4AE71C5A859600C41512 /* PBXTargetDependency */ = {
			isa = PBXTargetDependency;
			target = BF5E4AD01C5A859600C41512 /* countries */;
			targetProxy = BF5E4AE61C5A859600C41512 /* PBXContainerItemProxy */;
		};
		BF5E4AF21C5A859600C41512 /* PBXTargetDependency */ = {
			isa = PBXTargetDependency;
			target = BF5E4AD01C5A859600C41512 /* countries */;
			targetProxy = BF5E4AF11C5A859600C41512 /* PBXContainerItemProxy */;
		};
/* End PBXTargetDependency section */

/* Begin PBXVariantGroup section */
		BF5E4AD81C5A859600C41512 /* Main.storyboard */ = {
			isa = PBXVariantGroup;
			children = (
				BF5E4AD91C5A859600C41512 /* Base */,
			);
			name = Main.storyboard;
			sourceTree = "<group>";
		};
		BF5E4ADD1C5A859600C41512 /* LaunchScreen.storyboard */ = {
			isa = PBXVariantGroup;
			children = (
				BF5E4ADE1C5A859600C41512 /* Base */,
			);
			name = LaunchScreen.storyboard;
			sourceTree = "<group>";
		};
/* End PBXVariantGroup section */

/* Begin XCBuildConfiguration section */
		BF5E4AF71C5A859600C41512 /* Debug */ = {
			isa = XCBuildConfiguration;
			buildSettings = {
				ALWAYS_SEARCH_USER_PATHS = NO;
				CLANG_CXX_LANGUAGE_STANDARD = "gnu++0x";
				CLANG_CXX_LIBRARY = "libc++";
				CLANG_ENABLE_MODULES = YES;
				CLANG_ENABLE_OBJC_ARC = YES;
				CLANG_WARN_BOOL_CONVERSION = YES;
				CLANG_WARN_CONSTANT_CONVERSION = YES;
				CLANG_WARN_DIRECT_OBJC_ISA_USAGE = YES_ERROR;
				CLANG_WARN_EMPTY_BODY = YES;
				CLANG_WARN_ENUM_CONVERSION = YES;
				CLANG_WARN_INT_CONVERSION = YES;
				CLANG_WARN_OBJC_ROOT_CLASS = YES_ERROR;
				CLANG_WARN_UNREACHABLE_CODE = YES;
				CLANG_WARN__DUPLICATE_METHOD_MATCH = YES;
				"CODE_SIGN_IDENTITY[sdk=iphoneos*]" = "iPhone Developer";
				COPY_PHASE_STRIP = NO;
				DEBUG_INFORMATION_FORMAT = dwarf;
				ENABLE_STRICT_OBJC_MSGSEND = YES;
				ENABLE_TESTABILITY = YES;
				GCC_C_LANGUAGE_STANDARD = gnu99;
				GCC_DYNAMIC_NO_PIC = NO;
				GCC_NO_COMMON_BLOCKS = YES;
				GCC_OPTIMIZATION_LEVEL = 0;
				GCC_PREPROCESSOR_DEFINITIONS = (
					"DEBUG=1",
					"$(inherited)",
				);
				GCC_WARN_64_TO_32_BIT_CONVERSION = YES;
				GCC_WARN_ABOUT_RETURN_TYPE = YES_ERROR;
				GCC_WARN_UNDECLARED_SELECTOR = YES;
				GCC_WARN_UNINITIALIZED_AUTOS = YES_AGGRESSIVE;
				GCC_WARN_UNUSED_FUNCTION = YES;
				GCC_WARN_UNUSED_VARIABLE = YES;
				IPHONEOS_DEPLOYMENT_TARGET = 9.2;
				MTL_ENABLE_DEBUG_INFO = YES;
				ONLY_ACTIVE_ARCH = YES;
				SDKROOT = iphoneos;
				SWIFT_OPTIMIZATION_LEVEL = "-Onone";
			};
			name = Debug;
		};
		BF5E4AF81C5A859600C41512 /* Release */ = {
			isa = XCBuildConfiguration;
			buildSettings = {
				ALWAYS_SEARCH_USER_PATHS = NO;
				CLANG_CXX_LANGUAGE_STANDARD = "gnu++0x";
				CLANG_CXX_LIBRARY = "libc++";
				CLANG_ENABLE_MODULES = YES;
				CLANG_ENABLE_OBJC_ARC = YES;
				CLANG_WARN_BOOL_CONVERSION = YES;
				CLANG_WARN_CONSTANT_CONVERSION = YES;
				CLANG_WARN_DIRECT_OBJC_ISA_USAGE = YES_ERROR;
				CLANG_WARN_EMPTY_BODY = YES;
				CLANG_WARN_ENUM_CONVERSION = YES;
				CLANG_WARN_INT_CONVERSION = YES;
				CLANG_WARN_OBJC_ROOT_CLASS = YES_ERROR;
				CLANG_WARN_UNREACHABLE_CODE = YES;
				CLANG_WARN__DUPLICATE_METHOD_MATCH = YES;
				"CODE_SIGN_IDENTITY[sdk=iphoneos*]" = "iPhone Developer";
				COPY_PHASE_STRIP = NO;
				DEBUG_INFORMATION_FORMAT = "dwarf-with-dsym";
				ENABLE_NS_ASSERTIONS = NO;
				ENABLE_STRICT_OBJC_MSGSEND = YES;
				GCC_C_LANGUAGE_STANDARD = gnu99;
				GCC_NO_COMMON_BLOCKS = YES;
				GCC_WARN_64_TO_32_BIT_CONVERSION = YES;
				GCC_WARN_ABOUT_RETURN_TYPE = YES_ERROR;
				GCC_WARN_UNDECLARED_SELECTOR = YES;
				GCC_WARN_UNINITIALIZED_AUTOS = YES_AGGRESSIVE;
				GCC_WARN_UNUSED_FUNCTION = YES;
				GCC_WARN_UNUSED_VARIABLE = YES;
				IPHONEOS_DEPLOYMENT_TARGET = 9.2;
				MTL_ENABLE_DEBUG_INFO = NO;
				SDKROOT = iphoneos;
				VALIDATE_PRODUCT = YES;
			};
			name = Release;
		};
		BF5E4AFA1C5A859600C41512 /* Debug */ = {
			isa = XCBuildConfiguration;
			buildSettings = {
				ASSETCATALOG_COMPILER_APPICON_NAME = AppIcon;
				INFOPLIST_FILE = countries/Info.plist;
				LD_RUNPATH_SEARCH_PATHS = "$(inherited) @executable_path/Frameworks";
				PRODUCT_BUNDLE_IDENTIFIER = JLS.countries;
				PRODUCT_NAME = "$(TARGET_NAME)";
			};
			name = Debug;
		};
		BF5E4AFB1C5A859600C41512 /* Release */ = {
			isa = XCBuildConfiguration;
			buildSettings = {
				ASSETCATALOG_COMPILER_APPICON_NAME = AppIcon;
				INFOPLIST_FILE = countries/Info.plist;
				LD_RUNPATH_SEARCH_PATHS = "$(inherited) @executable_path/Frameworks";
				PRODUCT_BUNDLE_IDENTIFIER = JLS.countries;
				PRODUCT_NAME = "$(TARGET_NAME)";
			};
			name = Release;
		};
		BF5E4AFD1C5A859600C41512 /* Debug */ = {
			isa = XCBuildConfiguration;
			buildSettings = {
				BUNDLE_LOADER = "$(TEST_HOST)";
				INFOPLIST_FILE = countriesTests/Info.plist;
				LD_RUNPATH_SEARCH_PATHS = "$(inherited) @executable_path/Frameworks @loader_path/Frameworks";
				PRODUCT_BUNDLE_IDENTIFIER = JLS.countriesTests;
				PRODUCT_NAME = "$(TARGET_NAME)";
				TEST_HOST = "$(BUILT_PRODUCTS_DIR)/countries.app/countries";
			};
			name = Debug;
		};
		BF5E4AFE1C5A859600C41512 /* Release */ = {
			isa = XCBuildConfiguration;
			buildSettings = {
				BUNDLE_LOADER = "$(TEST_HOST)";
				INFOPLIST_FILE = countriesTests/Info.plist;
				LD_RUNPATH_SEARCH_PATHS = "$(inherited) @executable_path/Frameworks @loader_path/Frameworks";
				PRODUCT_BUNDLE_IDENTIFIER = JLS.countriesTests;
				PRODUCT_NAME = "$(TARGET_NAME)";
				TEST_HOST = "$(BUILT_PRODUCTS_DIR)/countries.app/countries";
			};
			name = Release;
		};
		BF5E4B001C5A859600C41512 /* Debug */ = {
			isa = XCBuildConfiguration;
			buildSettings = {
				INFOPLIST_FILE = countriesUITests/Info.plist;
				LD_RUNPATH_SEARCH_PATHS = "$(inherited) @executable_path/Frameworks @loader_path/Frameworks";
				PRODUCT_BUNDLE_IDENTIFIER = JLS.countriesUITests;
				PRODUCT_NAME = "$(TARGET_NAME)";
				TEST_TARGET_NAME = countries;
				USES_XCTRUNNER = YES;
			};
			name = Debug;
		};
		BF5E4B011C5A859600C41512 /* Release */ = {
			isa = XCBuildConfiguration;
			buildSettings = {
				INFOPLIST_FILE = countriesUITests/Info.plist;
				LD_RUNPATH_SEARCH_PATHS = "$(inherited) @executable_path/Frameworks @loader_path/Frameworks";
				PRODUCT_BUNDLE_IDENTIFIER = JLS.countriesUITests;
				PRODUCT_NAME = "$(TARGET_NAME)";
				TEST_TARGET_NAME = countries;
				USES_XCTRUNNER = YES;
			};
			name = Release;
		};
/* End XCBuildConfiguration section */

/* Begin XCConfigurationList section */
		BF5E4ACC1C5A859600C41512 /* Build configuration list for PBXProject "countries" */ = {
			isa = XCConfigurationList;
			buildConfigurations = (
				BF5E4AF71C5A859600C41512 /* Debug */,
				BF5E4AF81C5A859600C41512 /* Release */,
			);
			defaultConfigurationIsVisible = 0;
			defaultConfigurationName = Release;
		};
		BF5E4AF91C5A859600C41512 /* Build configuration list for PBXNativeTarget "countries" */ = {
			isa = XCConfigurationList;
			buildConfigurations = (
				BF5E4AFA1C5A859600C41512 /* Debug */,
				BF5E4AFB1C5A859600C41512 /* Release */,
			);
			defaultConfigurationIsVisible = 0;
			defaultConfigurationName = Release;
		};
		BF5E4AFC1C5A859600C41512 /* Build configuration list for PBXNativeTarget "countriesTests" */ = {
			isa = XCConfigurationList;
			buildConfigurations = (
				BF5E4AFD1C5A859600C41512 /* Debug */,
				BF5E4AFE1C5A859600C41512 /* Release */,
			);
			defaultConfigurationIsVisible = 0;
			defaultConfigurationName = Release;
		};
		BF5E4AFF1C5A859600C41512 /* Build configuration list for PBXNativeTarget "countriesUITests" */ = {
			isa = XCConfigurationList;
			buildConfigurations = (
				BF5E4B001C5A859600C41512 /* Debug */,
				BF5E4B011C5A859600C41512 /* Release */,
			);
			defaultConfigurationIsVisible = 0;
			defaultConfigurationName = Release;
		};
/* End XCConfigurationList section */
	};
	rootObject = BF5E4AC91C5A859600C41512 /* Project object */;
}
